
Microsoft Visual Studio Solution File, Format Version 12.00
# Visual Studio Version 17
VisualStudioVersion = 17.3.32901.215
MinimumVisualStudioVersion = 10.0.40219.1
Project("{FAE04EC0-301F-11D3-BF4B-00C04F79EFBC}") = "ZillPillService.API", "ZillPillService.API\ZillPillService.API.csproj", "{40086726-7DF2-4D9C-A68B-E768B92B3641}"
EndProject
Project("{FAE04EC0-301F-11D3-BF4B-00C04F79EFBC}") = "ZillPillService.Infrastructure", "ZillPillService.Infrastructure\ZillPillService.Infrastructure.csproj", "{5D71859F-055E-45D9-A7CE-EA736780D144}"
EndProject
Project("{FAE04EC0-301F-11D3-BF4B-00C04F79EFBC}") = "ZillPillService.Domain", "ZillPillService.Domain\ZillPillService.Domain.csproj", "{30B73141-776D-48D3-BD70-3A87D12C7C34}"
EndProject
Project("{9A19103F-16F7-4668-BE54-9A1E7A4F7556}") = "Parser.ConsoleApp", "Parser.ConsoleApp\Parser.ConsoleApp.csproj", "{1B2FA879-6A37-4770-9CCC-C2A33CAF2CB8}"
EndProject
Project("{FAE04EC0-301F-11D3-BF4B-00C04F79EFBC}") = "ZillPillService.Application", "ZillPillService.Application\ZillPillService.Application.csproj", "{B981D422-46E3-44D2-AD89-9986E56B0486}"
EndProject
Global
	GlobalSection(SolutionConfigurationPlatforms) = preSolution
		Debug|Any CPU = Debug|Any CPU
		Release|Any CPU = Release|Any CPU
	EndGlobalSection
	GlobalSection(ProjectConfigurationPlatforms) = postSolution
		{40086726-7DF2-4D9C-A68B-E768B92B3641}.Debug|Any CPU.ActiveCfg = Debug|Any CPU
		{40086726-7DF2-4D9C-A68B-E768B92B3641}.Debug|Any CPU.Build.0 = Debug|Any CPU
		{40086726-7DF2-4D9C-A68B-E768B92B3641}.Release|Any CPU.ActiveCfg = Release|Any CPU
		{40086726-7DF2-4D9C-A68B-E768B92B3641}.Release|Any CPU.Build.0 = Release|Any CPU
		{5D71859F-055E-45D9-A7CE-EA736780D144}.Debug|Any CPU.ActiveCfg = Debug|Any CPU
		{5D71859F-055E-45D9-A7CE-EA736780D144}.Debug|Any CPU.Build.0 = Debug|Any CPU
		{5D71859F-055E-45D9-A7CE-EA736780D144}.Release|Any CPU.ActiveCfg = Release|Any CPU
		{5D71859F-055E-45D9-A7CE-EA736780D144}.Release|Any CPU.Build.0 = Release|Any CPU
		{30B73141-776D-48D3-BD70-3A87D12C7C34}.Debug|Any CPU.ActiveCfg = Debug|Any CPU
		{30B73141-776D-48D3-BD70-3A87D12C7C34}.Debug|Any CPU.Build.0 = Debug|Any CPU
		{30B73141-776D-48D3-BD70-3A87D12C7C34}.Release|Any CPU.ActiveCfg = Release|Any CPU
		{30B73141-776D-48D3-BD70-3A87D12C7C34}.Release|Any CPU.Build.0 = Release|Any CPU
		{1B2FA879-6A37-4770-9CCC-C2A33CAF2CB8}.Debug|Any CPU.ActiveCfg = Debug|Any CPU
		{1B2FA879-6A37-4770-9CCC-C2A33CAF2CB8}.Debug|Any CPU.Build.0 = Debug|Any CPU
		{1B2FA879-6A37-4770-9CCC-C2A33CAF2CB8}.Release|Any CPU.ActiveCfg = Release|Any CPU
		{1B2FA879-6A37-4770-9CCC-C2A33CAF2CB8}.Release|Any CPU.Build.0 = Release|Any CPU
		{B981D422-46E3-44D2-AD89-9986E56B0486}.Debug|Any CPU.ActiveCfg = Debug|Any CPU
		{B981D422-46E3-44D2-AD89-9986E56B0486}.Debug|Any CPU.Build.0 = Debug|Any CPU
		{B981D422-46E3-44D2-AD89-9986E56B0486}.Release|Any CPU.ActiveCfg = Release|Any CPU
		{B981D422-46E3-44D2-AD89-9986E56B0486}.Release|Any CPU.Build.0 = Release|Any CPU
	EndGlobalSection
	GlobalSection(SolutionProperties) = preSolution
		HideSolutionNode = FALSE
	EndGlobalSection
	GlobalSection(ExtensibilityGlobals) = postSolution
		SolutionGuid = {3701AF55-027A-43C5-97D4-4AF76EC55A1C}
	EndGlobalSection
EndGlobal
